
Microsoft Visual Studio Solution File, Format Version 12.00
# Visual Studio 15
VisualStudioVersion = 15.0.27004.2008
MinimumVisualStudioVersion = 10.0.40219.1
Project("{FAE04EC0-301F-11D3-BF4B-00C04F79EFBC}") = "word a10n Abbreviation", "word a10n Abbreviation\word a10n Abbreviation.csproj", "{D2624BFB-1825-4A3C-B790-5A1E6FB3E482}"
EndProject
Global
	GlobalSection(SolutionConfigurationPlatforms) = preSolution
		Debug|Any CPU = Debug|Any CPU
		Release|Any CPU = Release|Any CPU
	EndGlobalSection
	GlobalSection(ProjectConfigurationPlatforms) = postSolution
		{D2624BFB-1825-4A3C-B790-5A1E6FB3E482}.Debug|Any CPU.ActiveCfg = Debug|Any CPU
		{D2624BFB-1825-4A3C-B790-5A1E6FB3E482}.Debug|Any CPU.Build.0 = Debug|Any CPU
		{D2624BFB-1825-4A3C-B790-5A1E6FB3E482}.Release|Any CPU.ActiveCfg = Release|Any CPU
		{D2624BFB-1825-4A3C-B790-5A1E6FB3E482}.Release|Any CPU.Build.0 = Release|Any CPU
	EndGlobalSection
	GlobalSection(SolutionProperties) = preSolution
		HideSolutionNode = FALSE
	EndGlobalSection
	GlobalSection(ExtensibilityGlobals) = postSolution
		SolutionGuid = {61C90AFE-73B9-4FB5-AEFB-A3D0107DDF9F}
	EndGlobalSection
EndGlobal
