
Microsoft Visual Studio Solution File, Format Version 12.00
# Visual Studio 15
VisualStudioVersion = 15.0.27004.2008
MinimumVisualStudioVersion = 10.0.40219.1
Project("{FAE04EC0-301F-11D3-BF4B-00C04F79EFBC}") = "PasswordValidation", "PasswordValidation\PasswordValidation.csproj", "{81965980-B44D-4905-9240-D2E1BC5F4FF7}"
EndProject
Global
	GlobalSection(SolutionConfigurationPlatforms) = preSolution
		Debug|Any CPU = Debug|Any CPU
		Release|Any CPU = Release|Any CPU
	EndGlobalSection
	GlobalSection(ProjectConfigurationPlatforms) = postSolution
		{81965980-B44D-4905-9240-D2E1BC5F4FF7}.Debug|Any CPU.ActiveCfg = Debug|Any CPU
		{81965980-B44D-4905-9240-D2E1BC5F4FF7}.Debug|Any CPU.Build.0 = Debug|Any CPU
		{81965980-B44D-4905-9240-D2E1BC5F4FF7}.Release|Any CPU.ActiveCfg = Release|Any CPU
		{81965980-B44D-4905-9240-D2E1BC5F4FF7}.Release|Any CPU.Build.0 = Release|Any CPU
	EndGlobalSection
	GlobalSection(SolutionProperties) = preSolution
		HideSolutionNode = FALSE
	EndGlobalSection
	GlobalSection(ExtensibilityGlobals) = postSolution
		SolutionGuid = {BBDF5E8A-C013-41CC-9AB3-D11E370B9813}
	EndGlobalSection
EndGlobal
