
Microsoft Visual Studio Solution File, Format Version 12.00
# Visual Studio 15
VisualStudioVersion = 15.0.27004.2008
MinimumVisualStudioVersion = 10.0.40219.1
Project("{FAE04EC0-301F-11D3-BF4B-00C04F79EFBC}") = "sumaMultipli", "sumaMultipli\sumaMultipli.csproj", "{19293571-8E9B-4E0F-99D6-F25DF8649F92}"
EndProject
Global
	GlobalSection(SolutionConfigurationPlatforms) = preSolution
		Debug|Any CPU = Debug|Any CPU
		Release|Any CPU = Release|Any CPU
	EndGlobalSection
	GlobalSection(ProjectConfigurationPlatforms) = postSolution
		{19293571-8E9B-4E0F-99D6-F25DF8649F92}.Debug|Any CPU.ActiveCfg = Debug|Any CPU
		{19293571-8E9B-4E0F-99D6-F25DF8649F92}.Debug|Any CPU.Build.0 = Debug|Any CPU
		{19293571-8E9B-4E0F-99D6-F25DF8649F92}.Release|Any CPU.ActiveCfg = Release|Any CPU
		{19293571-8E9B-4E0F-99D6-F25DF8649F92}.Release|Any CPU.Build.0 = Release|Any CPU
	EndGlobalSection
	GlobalSection(SolutionProperties) = preSolution
		HideSolutionNode = FALSE
	EndGlobalSection
	GlobalSection(ExtensibilityGlobals) = postSolution
		SolutionGuid = {48E32E6F-D825-4F88-B5E4-AED64B43DECC}
	EndGlobalSection
EndGlobal
